
Microsoft Visual Studio Solution File, Format Version 12.00
# Visual Studio 15
VisualStudioVersion = 15.0.28307.1169
MinimumVisualStudioVersion = 10.0.40219.1
Project("{FAE04EC0-301F-11D3-BF4B-00C04F79EFBC}") = "Test_task", "Test_task\Test_task.csproj", "{0F063D51-338C-4AD0-87AC-5FA47E9E69F6}"
EndProject
Global
	GlobalSection(SolutionConfigurationPlatforms) = preSolution
		Debug|Any CPU = Debug|Any CPU
		Release|Any CPU = Release|Any CPU
	EndGlobalSection
	GlobalSection(ProjectConfigurationPlatforms) = postSolution
		{0F063D51-338C-4AD0-87AC-5FA47E9E69F6}.Debug|Any CPU.ActiveCfg = Debug|Any CPU
		{0F063D51-338C-4AD0-87AC-5FA47E9E69F6}.Debug|Any CPU.Build.0 = Debug|Any CPU
		{0F063D51-338C-4AD0-87AC-5FA47E9E69F6}.Release|Any CPU.ActiveCfg = Release|Any CPU
		{0F063D51-338C-4AD0-87AC-5FA47E9E69F6}.Release|Any CPU.Build.0 = Release|Any CPU
	EndGlobalSection
	GlobalSection(SolutionProperties) = preSolution
		HideSolutionNode = FALSE
	EndGlobalSection
	GlobalSection(ExtensibilityGlobals) = postSolution
		SolutionGuid = {4EAA395B-FF7A-4B43-91B1-4EF5D6F0F654}
	EndGlobalSection
EndGlobal
